
Microsoft Visual Studio Solution File, Format Version 12.00
# Visual Studio 2013
VisualStudioVersion = 12.0.21005.1
MinimumVisualStudioVersion = 10.0.40219.1
Project("{FAE04EC0-301F-11D3-BF4B-00C04F79EFBC}") = "WindowsFormsApplication1", "WindowsFormsApplication1\WindowsFormsApplication1.csproj", "{FAE68D65-C643-4BBD-A321-E7D1E524EB93}"
EndProject
Project("{FAE04EC0-301F-11D3-BF4B-00C04F79EFBC}") = "Registration", "C:\Users\student\Desktop\Sportsmens\Sportsmens\Registration.csproj", "{F3B4689C-A1F5-4310-BDEA-978DD66B9027}"
EndProject
Global
	GlobalSection(SolutionConfigurationPlatforms) = preSolution
		Debug|Any CPU = Debug|Any CPU
		Release|Any CPU = Release|Any CPU
	EndGlobalSection
	GlobalSection(ProjectConfigurationPlatforms) = postSolution
		{FAE68D65-C643-4BBD-A321-E7D1E524EB93}.Debug|Any CPU.ActiveCfg = Debug|Any CPU
		{FAE68D65-C643-4BBD-A321-E7D1E524EB93}.Debug|Any CPU.Build.0 = Debug|Any CPU
		{FAE68D65-C643-4BBD-A321-E7D1E524EB93}.Release|Any CPU.ActiveCfg = Release|Any CPU
		{FAE68D65-C643-4BBD-A321-E7D1E524EB93}.Release|Any CPU.Build.0 = Release|Any CPU
		{F3B4689C-A1F5-4310-BDEA-978DD66B9027}.Debug|Any CPU.ActiveCfg = Debug|Any CPU
		{F3B4689C-A1F5-4310-BDEA-978DD66B9027}.Debug|Any CPU.Build.0 = Debug|Any CPU
		{F3B4689C-A1F5-4310-BDEA-978DD66B9027}.Release|Any CPU.ActiveCfg = Release|Any CPU
		{F3B4689C-A1F5-4310-BDEA-978DD66B9027}.Release|Any CPU.Build.0 = Release|Any CPU
	EndGlobalSection
	GlobalSection(SolutionProperties) = preSolution
		HideSolutionNode = FALSE
	EndGlobalSection
EndGlobal
